
Microsoft Visual Studio Solution File, Format Version 12.00
# Visual Studio Version 17
VisualStudioVersion = 17.0.32112.339
MinimumVisualStudioVersion = 10.0.40219.1
Project("{FAE04EC0-301F-11D3-BF4B-00C04F79EFBC}") = "CrmWebResourcesUpdater", "CrmWebResourcesUpdater\CrmWebResourcesUpdater.csproj", "{D903D192-561E-49A4-91F4-E900AB626941}"
EndProject
Project("{2150E333-8FDC-42A3-9474-1A3956D46DE8}") = "CrmConnectionProjects", "CrmConnectionProjects", "{690E77B2-AC70-4432-98B7-5E76A9C4F406}"
EndProject
Project("{FAE04EC0-301F-11D3-BF4B-00C04F79EFBC}") = "McTools.Xrm.Connection", "CrmConnectionProjects\McTools.Xrm.Connection\McTools.Xrm.Connection.csproj", "{C3824C2C-6E2E-4FDE-A2AA-229BBC7C3B1F}"
EndProject
Project("{FAE04EC0-301F-11D3-BF4B-00C04F79EFBC}") = "McTools.Xrm.Connection.WinForms", "CrmConnectionProjects\McTools.Xrm.Connection.WinForms\McTools.Xrm.Connection.WinForms.csproj", "{EEB5C09F-CEC6-4FB5-87B5-AE61AE89C9EB}"
EndProject
Project("{FAE04EC0-301F-11D3-BF4B-00C04F79EFBC}") = "CrmWebResourcesUpdater.Common", "CrmWebResourcesUpdater.Common\CrmWebResourcesUpdater.Common.csproj", "{22260532-D32B-4762-86D9-6631E6F23FF4}"
EndProject
Project("{FAE04EC0-301F-11D3-BF4B-00C04F79EFBC}") = "CrmWebResourcesUpdater.Service", "CrmWebResourcesUpdater.Service\CrmWebResourcesUpdater.Service.csproj", "{501576CB-A73C-4591-BCF5-77B1E7A793B6}"
EndProject
Project("{FAE04EC0-301F-11D3-BF4B-00C04F79EFBC}") = "CrmWebResourcesUpdater.ServiceConsole", "CrmWebResourceUpdater.ServiceConsole\CrmWebResourcesUpdater.ServiceConsole.csproj", "{171C66B5-E521-4A0F-B33A-D3F016573BE3}"
EndProject
Project("{FAE04EC0-301F-11D3-BF4B-00C04F79EFBC}") = "CrmWebResourcesUpdater.DataModels", "CrmWebResourcesUpdater.DataModels\CrmWebResourcesUpdater.DataModels.csproj", "{524CD4FE-3293-4A68-88F1-6C6A62FB112A}"
EndProject
Project("{2150E333-8FDC-42A3-9474-1A3956D46DE8}") = "Service", "Service", "{F9CCEDE7-51A9-4BF0-86C9-14889C29B91D}"
EndProject
Project("{FAE04EC0-301F-11D3-BF4B-00C04F79EFBC}") = "CrmWebResourcesUpdater.Service.Common", "CrmWebResourcesUpdater.Service.Common\CrmWebResourcesUpdater.Service.Common.csproj", "{02FC1699-5CB9-4ED9-933E-27FCE6E3D4E0}"
EndProject
Project("{FAE04EC0-301F-11D3-BF4B-00C04F79EFBC}") = "CrmWebResourcesUpdater.Service.Client", "CrmWebResourcesUpdater.Service.Client\CrmWebResourcesUpdater.Service.Client.csproj", "{6A1F6EAB-03D8-45C5-AA8D-9C53F609639B}"
EndProject
Project("{FAE04EC0-301F-11D3-BF4B-00C04F79EFBC}") = "McTools.Xrm.Connection.Utils", "CrmConnectionProjects\McTools.Xrm.Connection.Utils\McTools.Xrm.Connection.Utils.csproj", "{A02F1DB0-45DE-496E-874E-02BA7DC0F934}"
EndProject
Project("{FAE04EC0-301F-11D3-BF4B-00C04F79EFBC}") = "McTools.Xrm.Connection.ConnectionManager", "CrmConnectionProjects\McTools.Xrm.Connection.ConnectionManager\McTools.Xrm.Connection.ConnectionManager.csproj", "{2775BB70-B234-475B-A933-CF671AA3981A}"
EndProject
Global
	GlobalSection(SolutionConfigurationPlatforms) = preSolution
		Debug Without GemBox|Any CPU = Debug Without GemBox|Any CPU
		Debug Without GemBox|x86 = Debug Without GemBox|x86
		Debug|Any CPU = Debug|Any CPU
		Debug|x86 = Debug|x86
		Release|Any CPU = Release|Any CPU
		Release|x86 = Release|x86
	EndGlobalSection
	GlobalSection(ProjectConfigurationPlatforms) = postSolution
		{D903D192-561E-49A4-91F4-E900AB626941}.Debug Without GemBox|Any CPU.ActiveCfg = Debug|Any CPU
		{D903D192-561E-49A4-91F4-E900AB626941}.Debug Without GemBox|Any CPU.Build.0 = Debug|Any CPU
		{D903D192-561E-49A4-91F4-E900AB626941}.Debug Without GemBox|x86.ActiveCfg = Debug|x86
		{D903D192-561E-49A4-91F4-E900AB626941}.Debug Without GemBox|x86.Build.0 = Debug|x86
		{D903D192-561E-49A4-91F4-E900AB626941}.Debug|Any CPU.ActiveCfg = Debug|Any CPU
		{D903D192-561E-49A4-91F4-E900AB626941}.Debug|Any CPU.Build.0 = Debug|Any CPU
		{D903D192-561E-49A4-91F4-E900AB626941}.Debug|x86.ActiveCfg = Debug|x86
		{D903D192-561E-49A4-91F4-E900AB626941}.Debug|x86.Build.0 = Debug|x86
		{D903D192-561E-49A4-91F4-E900AB626941}.Release|Any CPU.ActiveCfg = Release|Any CPU
		{D903D192-561E-49A4-91F4-E900AB626941}.Release|Any CPU.Build.0 = Release|Any CPU
		{D903D192-561E-49A4-91F4-E900AB626941}.Release|x86.ActiveCfg = Release|x86
		{D903D192-561E-49A4-91F4-E900AB626941}.Release|x86.Build.0 = Release|x86
		{C3824C2C-6E2E-4FDE-A2AA-229BBC7C3B1F}.Debug Without GemBox|Any CPU.ActiveCfg = Debug Without GemBox|Any CPU
		{C3824C2C-6E2E-4FDE-A2AA-229BBC7C3B1F}.Debug Without GemBox|Any CPU.Build.0 = Debug Without GemBox|Any CPU
		{C3824C2C-6E2E-4FDE-A2AA-229BBC7C3B1F}.Debug Without GemBox|x86.ActiveCfg = Debug Without GemBox|Any CPU
		{C3824C2C-6E2E-4FDE-A2AA-229BBC7C3B1F}.Debug Without GemBox|x86.Build.0 = Debug Without GemBox|Any CPU
		{C3824C2C-6E2E-4FDE-A2AA-229BBC7C3B1F}.Debug|Any CPU.ActiveCfg = Debug|Any CPU
		{C3824C2C-6E2E-4FDE-A2AA-229BBC7C3B1F}.Debug|Any CPU.Build.0 = Debug|Any CPU
		{C3824C2C-6E2E-4FDE-A2AA-229BBC7C3B1F}.Debug|x86.ActiveCfg = Debug|Any CPU
		{C3824C2C-6E2E-4FDE-A2AA-229BBC7C3B1F}.Debug|x86.Build.0 = Debug|Any CPU
		{C3824C2C-6E2E-4FDE-A2AA-229BBC7C3B1F}.Release|Any CPU.ActiveCfg = Release|Any CPU
		{C3824C2C-6E2E-4FDE-A2AA-229BBC7C3B1F}.Release|Any CPU.Build.0 = Release|Any CPU
		{C3824C2C-6E2E-4FDE-A2AA-229BBC7C3B1F}.Release|x86.ActiveCfg = Release|Any CPU
		{C3824C2C-6E2E-4FDE-A2AA-229BBC7C3B1F}.Release|x86.Build.0 = Release|Any CPU
		{EEB5C09F-CEC6-4FB5-87B5-AE61AE89C9EB}.Debug Without GemBox|Any CPU.ActiveCfg = Debug Without GemBox|Any CPU
		{EEB5C09F-CEC6-4FB5-87B5-AE61AE89C9EB}.Debug Without GemBox|Any CPU.Build.0 = Debug Without GemBox|Any CPU
		{EEB5C09F-CEC6-4FB5-87B5-AE61AE89C9EB}.Debug Without GemBox|x86.ActiveCfg = Debug Without GemBox|Any CPU
		{EEB5C09F-CEC6-4FB5-87B5-AE61AE89C9EB}.Debug Without GemBox|x86.Build.0 = Debug Without GemBox|Any CPU
		{EEB5C09F-CEC6-4FB5-87B5-AE61AE89C9EB}.Debug|Any CPU.ActiveCfg = Debug|Any CPU
		{EEB5C09F-CEC6-4FB5-87B5-AE61AE89C9EB}.Debug|Any CPU.Build.0 = Debug|Any CPU
		{EEB5C09F-CEC6-4FB5-87B5-AE61AE89C9EB}.Debug|x86.ActiveCfg = Debug|Any CPU
		{EEB5C09F-CEC6-4FB5-87B5-AE61AE89C9EB}.Debug|x86.Build.0 = Debug|Any CPU
		{EEB5C09F-CEC6-4FB5-87B5-AE61AE89C9EB}.Release|Any CPU.ActiveCfg = Release|Any CPU
		{EEB5C09F-CEC6-4FB5-87B5-AE61AE89C9EB}.Release|Any CPU.Build.0 = Release|Any CPU
		{EEB5C09F-CEC6-4FB5-87B5-AE61AE89C9EB}.Release|x86.ActiveCfg = Release|Any CPU
		{EEB5C09F-CEC6-4FB5-87B5-AE61AE89C9EB}.Release|x86.Build.0 = Release|Any CPU
		{22260532-D32B-4762-86D9-6631E6F23FF4}.Debug Without GemBox|Any CPU.ActiveCfg = Debug|Any CPU
		{22260532-D32B-4762-86D9-6631E6F23FF4}.Debug Without GemBox|Any CPU.Build.0 = Debug|Any CPU
		{22260532-D32B-4762-86D9-6631E6F23FF4}.Debug Without GemBox|x86.ActiveCfg = Debug|Any CPU
		{22260532-D32B-4762-86D9-6631E6F23FF4}.Debug Without GemBox|x86.Build.0 = Debug|Any CPU
		{22260532-D32B-4762-86D9-6631E6F23FF4}.Debug|Any CPU.ActiveCfg = Debug|Any CPU
		{22260532-D32B-4762-86D9-6631E6F23FF4}.Debug|Any CPU.Build.0 = Debug|Any CPU
		{22260532-D32B-4762-86D9-6631E6F23FF4}.Debug|x86.ActiveCfg = Debug|Any CPU
		{22260532-D32B-4762-86D9-6631E6F23FF4}.Debug|x86.Build.0 = Debug|Any CPU
		{22260532-D32B-4762-86D9-6631E6F23FF4}.Release|Any CPU.ActiveCfg = Release|Any CPU
		{22260532-D32B-4762-86D9-6631E6F23FF4}.Release|Any CPU.Build.0 = Release|Any CPU
		{22260532-D32B-4762-86D9-6631E6F23FF4}.Release|x86.ActiveCfg = Release|Any CPU
		{22260532-D32B-4762-86D9-6631E6F23FF4}.Release|x86.Build.0 = Release|Any CPU
		{501576CB-A73C-4591-BCF5-77B1E7A793B6}.Debug Without GemBox|Any CPU.ActiveCfg = Debug|Any CPU
		{501576CB-A73C-4591-BCF5-77B1E7A793B6}.Debug Without GemBox|Any CPU.Build.0 = Debug|Any CPU
		{501576CB-A73C-4591-BCF5-77B1E7A793B6}.Debug Without GemBox|x86.ActiveCfg = Debug|Any CPU
		{501576CB-A73C-4591-BCF5-77B1E7A793B6}.Debug Without GemBox|x86.Build.0 = Debug|Any CPU
		{501576CB-A73C-4591-BCF5-77B1E7A793B6}.Debug|Any CPU.ActiveCfg = Debug|Any CPU
		{501576CB-A73C-4591-BCF5-77B1E7A793B6}.Debug|Any CPU.Build.0 = Debug|Any CPU
		{501576CB-A73C-4591-BCF5-77B1E7A793B6}.Debug|x86.ActiveCfg = Debug|Any CPU
		{501576CB-A73C-4591-BCF5-77B1E7A793B6}.Debug|x86.Build.0 = Debug|Any CPU
		{501576CB-A73C-4591-BCF5-77B1E7A793B6}.Release|Any CPU.ActiveCfg = Release|Any CPU
		{501576CB-A73C-4591-BCF5-77B1E7A793B6}.Release|Any CPU.Build.0 = Release|Any CPU
		{501576CB-A73C-4591-BCF5-77B1E7A793B6}.Release|x86.ActiveCfg = Release|Any CPU
		{501576CB-A73C-4591-BCF5-77B1E7A793B6}.Release|x86.Build.0 = Release|Any CPU
		{171C66B5-E521-4A0F-B33A-D3F016573BE3}.Debug Without GemBox|Any CPU.ActiveCfg = Debug|Any CPU
		{171C66B5-E521-4A0F-B33A-D3F016573BE3}.Debug Without GemBox|Any CPU.Build.0 = Debug|Any CPU
		{171C66B5-E521-4A0F-B33A-D3F016573BE3}.Debug Without GemBox|x86.ActiveCfg = Debug|Any CPU
		{171C66B5-E521-4A0F-B33A-D3F016573BE3}.Debug Without GemBox|x86.Build.0 = Debug|Any CPU
		{171C66B5-E521-4A0F-B33A-D3F016573BE3}.Debug|Any CPU.ActiveCfg = Debug|Any CPU
		{171C66B5-E521-4A0F-B33A-D3F016573BE3}.Debug|Any CPU.Build.0 = Debug|Any CPU
		{171C66B5-E521-4A0F-B33A-D3F016573BE3}.Debug|x86.ActiveCfg = Debug|Any CPU
		{171C66B5-E521-4A0F-B33A-D3F016573BE3}.Debug|x86.Build.0 = Debug|Any CPU
		{171C66B5-E521-4A0F-B33A-D3F016573BE3}.Release|Any CPU.ActiveCfg = Release|Any CPU
		{171C66B5-E521-4A0F-B33A-D3F016573BE3}.Release|Any CPU.Build.0 = Release|Any CPU
		{171C66B5-E521-4A0F-B33A-D3F016573BE3}.Release|x86.ActiveCfg = Release|Any CPU
		{171C66B5-E521-4A0F-B33A-D3F016573BE3}.Release|x86.Build.0 = Release|Any CPU
		{524CD4FE-3293-4A68-88F1-6C6A62FB112A}.Debug Without GemBox|Any CPU.ActiveCfg = Debug|Any CPU
		{524CD4FE-3293-4A68-88F1-6C6A62FB112A}.Debug Without GemBox|Any CPU.Build.0 = Debug|Any CPU
		{524CD4FE-3293-4A68-88F1-6C6A62FB112A}.Debug Without GemBox|x86.ActiveCfg = Debug|Any CPU
		{524CD4FE-3293-4A68-88F1-6C6A62FB112A}.Debug Without GemBox|x86.Build.0 = Debug|Any CPU
		{524CD4FE-3293-4A68-88F1-6C6A62FB112A}.Debug|Any CPU.ActiveCfg = Debug|Any CPU
		{524CD4FE-3293-4A68-88F1-6C6A62FB112A}.Debug|Any CPU.Build.0 = Debug|Any CPU
		{524CD4FE-3293-4A68-88F1-6C6A62FB112A}.Debug|x86.ActiveCfg = Debug|Any CPU
		{524CD4FE-3293-4A68-88F1-6C6A62FB112A}.Debug|x86.Build.0 = Debug|Any CPU
		{524CD4FE-3293-4A68-88F1-6C6A62FB112A}.Release|Any CPU.ActiveCfg = Release|Any CPU
		{524CD4FE-3293-4A68-88F1-6C6A62FB112A}.Release|Any CPU.Build.0 = Release|Any CPU
		{524CD4FE-3293-4A68-88F1-6C6A62FB112A}.Release|x86.ActiveCfg = Release|Any CPU
		{524CD4FE-3293-4A68-88F1-6C6A62FB112A}.Release|x86.Build.0 = Release|Any CPU
		{02FC1699-5CB9-4ED9-933E-27FCE6E3D4E0}.Debug Without GemBox|Any CPU.ActiveCfg = Debug|Any CPU
		{02FC1699-5CB9-4ED9-933E-27FCE6E3D4E0}.Debug Without GemBox|Any CPU.Build.0 = Debug|Any CPU
		{02FC1699-5CB9-4ED9-933E-27FCE6E3D4E0}.Debug Without GemBox|x86.ActiveCfg = Debug|Any CPU
		{02FC1699-5CB9-4ED9-933E-27FCE6E3D4E0}.Debug Without GemBox|x86.Build.0 = Debug|Any CPU
		{02FC1699-5CB9-4ED9-933E-27FCE6E3D4E0}.Debug|Any CPU.ActiveCfg = Debug|Any CPU
		{02FC1699-5CB9-4ED9-933E-27FCE6E3D4E0}.Debug|Any CPU.Build.0 = Debug|Any CPU
		{02FC1699-5CB9-4ED9-933E-27FCE6E3D4E0}.Debug|x86.ActiveCfg = Debug|Any CPU
		{02FC1699-5CB9-4ED9-933E-27FCE6E3D4E0}.Debug|x86.Build.0 = Debug|Any CPU
		{02FC1699-5CB9-4ED9-933E-27FCE6E3D4E0}.Release|Any CPU.ActiveCfg = Release|Any CPU
		{02FC1699-5CB9-4ED9-933E-27FCE6E3D4E0}.Release|Any CPU.Build.0 = Release|Any CPU
		{02FC1699-5CB9-4ED9-933E-27FCE6E3D4E0}.Release|x86.ActiveCfg = Release|Any CPU
		{02FC1699-5CB9-4ED9-933E-27FCE6E3D4E0}.Release|x86.Build.0 = Release|Any CPU
		{6A1F6EAB-03D8-45C5-AA8D-9C53F609639B}.Debug Without GemBox|Any CPU.ActiveCfg = Debug|Any CPU
		{6A1F6EAB-03D8-45C5-AA8D-9C53F609639B}.Debug Without GemBox|Any CPU.Build.0 = Debug|Any CPU
		{6A1F6EAB-03D8-45C5-AA8D-9C53F609639B}.Debug Without GemBox|x86.ActiveCfg = Debug|Any CPU
		{6A1F6EAB-03D8-45C5-AA8D-9C53F609639B}.Debug Without GemBox|x86.Build.0 = Debug|Any CPU
		{6A1F6EAB-03D8-45C5-AA8D-9C53F609639B}.Debug|Any CPU.ActiveCfg = Debug|Any CPU
		{6A1F6EAB-03D8-45C5-AA8D-9C53F609639B}.Debug|Any CPU.Build.0 = Debug|Any CPU
		{6A1F6EAB-03D8-45C5-AA8D-9C53F609639B}.Debug|x86.ActiveCfg = Debug|Any CPU
		{6A1F6EAB-03D8-45C5-AA8D-9C53F609639B}.Debug|x86.Build.0 = Debug|Any CPU
		{6A1F6EAB-03D8-45C5-AA8D-9C53F609639B}.Release|Any CPU.ActiveCfg = Release|Any CPU
		{6A1F6EAB-03D8-45C5-AA8D-9C53F609639B}.Release|Any CPU.Build.0 = Release|Any CPU
		{6A1F6EAB-03D8-45C5-AA8D-9C53F609639B}.Release|x86.ActiveCfg = Release|Any CPU
		{6A1F6EAB-03D8-45C5-AA8D-9C53F609639B}.Release|x86.Build.0 = Release|Any CPU
		{A02F1DB0-45DE-496E-874E-02BA7DC0F934}.Debug Without GemBox|Any CPU.ActiveCfg = Debug|Any CPU
		{A02F1DB0-45DE-496E-874E-02BA7DC0F934}.Debug Without GemBox|Any CPU.Build.0 = Debug|Any CPU
		{A02F1DB0-45DE-496E-874E-02BA7DC0F934}.Debug Without GemBox|x86.ActiveCfg = Debug|Any CPU
		{A02F1DB0-45DE-496E-874E-02BA7DC0F934}.Debug Without GemBox|x86.Build.0 = Debug|Any CPU
		{A02F1DB0-45DE-496E-874E-02BA7DC0F934}.Debug|Any CPU.ActiveCfg = Debug|Any CPU
		{A02F1DB0-45DE-496E-874E-02BA7DC0F934}.Debug|Any CPU.Build.0 = Debug|Any CPU
		{A02F1DB0-45DE-496E-874E-02BA7DC0F934}.Debug|x86.ActiveCfg = Debug|Any CPU
		{A02F1DB0-45DE-496E-874E-02BA7DC0F934}.Debug|x86.Build.0 = Debug|Any CPU
		{A02F1DB0-45DE-496E-874E-02BA7DC0F934}.Release|Any CPU.ActiveCfg = Release|Any CPU
		{A02F1DB0-45DE-496E-874E-02BA7DC0F934}.Release|Any CPU.Build.0 = Release|Any CPU
		{A02F1DB0-45DE-496E-874E-02BA7DC0F934}.Release|x86.ActiveCfg = Release|Any CPU
		{A02F1DB0-45DE-496E-874E-02BA7DC0F934}.Release|x86.Build.0 = Release|Any CPU
		{2775BB70-B234-475B-A933-CF671AA3981A}.Debug Without GemBox|Any CPU.ActiveCfg = Debug|Any CPU
		{2775BB70-B234-475B-A933-CF671AA3981A}.Debug Without GemBox|Any CPU.Build.0 = Debug|Any CPU
		{2775BB70-B234-475B-A933-CF671AA3981A}.Debug Without GemBox|x86.ActiveCfg = Debug|Any CPU
		{2775BB70-B234-475B-A933-CF671AA3981A}.Debug Without GemBox|x86.Build.0 = Debug|Any CPU
		{2775BB70-B234-475B-A933-CF671AA3981A}.Debug|Any CPU.ActiveCfg = Debug|Any CPU
		{2775BB70-B234-475B-A933-CF671AA3981A}.Debug|Any CPU.Build.0 = Debug|Any CPU
		{2775BB70-B234-475B-A933-CF671AA3981A}.Debug|x86.ActiveCfg = Debug|Any CPU
		{2775BB70-B234-475B-A933-CF671AA3981A}.Debug|x86.Build.0 = Debug|Any CPU
		{2775BB70-B234-475B-A933-CF671AA3981A}.Release|Any CPU.ActiveCfg = Release|Any CPU
		{2775BB70-B234-475B-A933-CF671AA3981A}.Release|Any CPU.Build.0 = Release|Any CPU
		{2775BB70-B234-475B-A933-CF671AA3981A}.Release|x86.ActiveCfg = Release|Any CPU
		{2775BB70-B234-475B-A933-CF671AA3981A}.Release|x86.Build.0 = Release|Any CPU
	EndGlobalSection
	GlobalSection(SolutionProperties) = preSolution
		HideSolutionNode = FALSE
	EndGlobalSection
	GlobalSection(NestedProjects) = preSolution
		{C3824C2C-6E2E-4FDE-A2AA-229BBC7C3B1F} = {690E77B2-AC70-4432-98B7-5E76A9C4F406}
		{EEB5C09F-CEC6-4FB5-87B5-AE61AE89C9EB} = {690E77B2-AC70-4432-98B7-5E76A9C4F406}
		{501576CB-A73C-4591-BCF5-77B1E7A793B6} = {F9CCEDE7-51A9-4BF0-86C9-14889C29B91D}
		{02FC1699-5CB9-4ED9-933E-27FCE6E3D4E0} = {F9CCEDE7-51A9-4BF0-86C9-14889C29B91D}
		{6A1F6EAB-03D8-45C5-AA8D-9C53F609639B} = {F9CCEDE7-51A9-4BF0-86C9-14889C29B91D}
		{A02F1DB0-45DE-496E-874E-02BA7DC0F934} = {690E77B2-AC70-4432-98B7-5E76A9C4F406}
		{2775BB70-B234-475B-A933-CF671AA3981A} = {690E77B2-AC70-4432-98B7-5E76A9C4F406}
	EndGlobalSection
	GlobalSection(ExtensibilityGlobals) = postSolution
		SolutionGuid = {FFF87AB1-3086-4963-BA40-B3EB63038338}
	EndGlobalSection
EndGlobal
